
Microsoft Visual Studio Solution File, Format Version 12.00
# Visual Studio 15
VisualStudioVersion = 15.0.28307.1401
MinimumVisualStudioVersion = 10.0.40219.1
Project("{FAE04EC0-301F-11D3-BF4B-00C04F79EFBC}") = "DriftScoreDisplay", "DriftScoreDisplay\DriftScoreDisplay.csproj", "{ABCD519C-8168-487D-9785-9A92A3963F71}"
EndProject
Global
	GlobalSection(SolutionConfigurationPlatforms) = preSolution
		Debug|Any CPU = Debug|Any CPU
		Release|Any CPU = Release|Any CPU
	EndGlobalSection
	GlobalSection(ProjectConfigurationPlatforms) = postSolution
		{ABCD519C-8168-487D-9785-9A92A3963F71}.Debug|Any CPU.ActiveCfg = Debug|Any CPU
		{ABCD519C-8168-487D-9785-9A92A3963F71}.Debug|Any CPU.Build.0 = Debug|Any CPU
		{ABCD519C-8168-487D-9785-9A92A3963F71}.Release|Any CPU.ActiveCfg = Release|Any CPU
		{ABCD519C-8168-487D-9785-9A92A3963F71}.Release|Any CPU.Build.0 = Release|Any CPU
	EndGlobalSection
	GlobalSection(SolutionProperties) = preSolution
		HideSolutionNode = FALSE
	EndGlobalSection
	GlobalSection(ExtensibilityGlobals) = postSolution
		SolutionGuid = {2BB7A23E-FFD7-4ECF-9192-77067038942C}
	EndGlobalSection
EndGlobal
